
Microsoft Visual Studio Solution File, Format Version 12.00
# Visual Studio Version 17
VisualStudioVersion = 17.13.35818.85
MinimumVisualStudioVersion = 10.0.40219.1
Project("{FAE04EC0-301F-11D3-BF4B-00C04F79EFBC}") = "SpareHub", "SpareHub.csproj", "{DD130D1F-2ADE-4BB4-AA8E-1461383E4FD9}"
EndProject
Project("{FAE04EC0-301F-11D3-BF4B-00C04F79EFBC}") = "ManajemenToko", "..\ManajemenToko\ManajemenToko.csproj", "{0A079328-E402-A58C-145F-EF22E46A0964}"
EndProject
Project("{FAE04EC0-301F-11D3-BF4B-00C04F79EFBC}") = "ManajemenToko.API", "..\ManejemenToko.API\ManajemenToko.API.csproj", "{5797FB51-A8BC-5826-9F7A-EAFAF8D16F5F}"
EndProject
Project("{FAE04EC0-301F-11D3-BF4B-00C04F79EFBC}") = "UlasanDanRatingProduk", "..\UlasanDanRatingProduk\UlasanDanRatingProduk.csproj", "{68426139-8084-B3AB-CF7F-50A154280ADF}"
EndProject
Project("{FAE04EC0-301F-11D3-BF4B-00C04F79EFBC}") = "UnitTestUlasanDanRatingProduk", "..\UnitTestUlasanDanRatingProduk\UnitTestUlasanDanRatingProduk.csproj", "{96B4FF9A-BAC7-830F-AF27-F83007EF2783}"
EndProject
Project("{FAE04EC0-301F-11D3-BF4B-00C04F79EFBC}") = "Mengelola_Toko.Tests", "..\TestTubes\Mengelola_Toko.Tests.csproj", "{76182198-F20C-41F2-3F0E-70931D4295D6}"
EndProject
Project("{FAE04EC0-301F-11D3-BF4B-00C04F79EFBC}") = "TestCustomerServices", "..\TestCustomerServices\TestCustomerServices.csproj", "{D5500B48-BE07-2ABA-611D-FFF4812BB118}"
EndProject
Project("{FAE04EC0-301F-11D3-BF4B-00C04F79EFBC}") = "TestWishlist", "..\TestWishlist\TestWishlist.csproj", "{B7350B71-5252-E186-EB03-0E8E3C3BE165}"
EndProject
Project("{FAE04EC0-301F-11D3-BF4B-00C04F79EFBC}") = "Wishlist", "..\Wishlist\Wishlist\Wishlist.csproj", "{4F2767CC-5E30-6E42-7B32-356FBBEAE658}"
EndProject
Project("{FAE04EC0-301F-11D3-BF4B-00C04F79EFBC}") = "Customerservis", "..\Customerservis\Customerservis\Customerservis.csproj", "{E4CD9C52-52E3-2665-85A2-D8F9BEB33894}"
EndProject
Project("{FAE04EC0-301F-11D3-BF4B-00C04F79EFBC}") = "fitur_Order", "..\fitur_Order\fitur_Order.csproj", "{84322DB7-72C8-C4A5-87A9-37C411DD1681}"
EndProject
Project("{FAE04EC0-301F-11D3-BF4B-00C04F79EFBC}") = "UnitTestSistemPemesanan", "..\unit_Test\UnitTestSistemPemesanan.csproj", "{82C25F86-DE3F-189A-A18D-2C25059CCF4A}"
EndProject
Project("{FAE04EC0-301F-11D3-BF4B-00C04F79EFBC}") = "Searching", "..\Searching\Searching.csproj", "{9794A665-0418-653C-CF57-8F2BB003F498}"
EndProject
Project("{FAE04EC0-301F-11D3-BF4B-00C04F79EFBC}") = "SearchingTest", "..\SearchingTest\SearchingTest.csproj", "{525DCB7F-CDC5-B3E0-5926-99CB9FB21DC5}"
EndProject
Project("{FAE04EC0-301F-11D3-BF4B-00C04F79EFBC}") = "SearchingModel", "..\SearchingModel\SearchingModel.csproj", "{5B2C5B65-94B0-0297-7D1D-E9F9EF4DF003}"
EndProject
Project("{FAE04EC0-301F-11D3-BF4B-00C04F79EFBC}") = "SearchingData", "..\SearchingData\SearchingData.csproj", "{DDEFF6B3-3994-D4C2-1EB3-6B9382CBAC70}"
EndProject
Global
	GlobalSection(SolutionConfigurationPlatforms) = preSolution
		Debug|Any CPU = Debug|Any CPU
		Release|Any CPU = Release|Any CPU
	EndGlobalSection
	GlobalSection(ProjectConfigurationPlatforms) = postSolution
		{DD130D1F-2ADE-4BB4-AA8E-1461383E4FD9}.Debug|Any CPU.ActiveCfg = Debug|Any CPU
		{DD130D1F-2ADE-4BB4-AA8E-1461383E4FD9}.Debug|Any CPU.Build.0 = Debug|Any CPU
		{DD130D1F-2ADE-4BB4-AA8E-1461383E4FD9}.Release|Any CPU.ActiveCfg = Release|Any CPU
		{DD130D1F-2ADE-4BB4-AA8E-1461383E4FD9}.Release|Any CPU.Build.0 = Release|Any CPU
		{0A079328-E402-A58C-145F-EF22E46A0964}.Debug|Any CPU.ActiveCfg = Debug|Any CPU
		{0A079328-E402-A58C-145F-EF22E46A0964}.Debug|Any CPU.Build.0 = Debug|Any CPU
		{0A079328-E402-A58C-145F-EF22E46A0964}.Release|Any CPU.ActiveCfg = Release|Any CPU
		{0A079328-E402-A58C-145F-EF22E46A0964}.Release|Any CPU.Build.0 = Release|Any CPU
		{5797FB51-A8BC-5826-9F7A-EAFAF8D16F5F}.Debug|Any CPU.ActiveCfg = Debug|Any CPU
		{5797FB51-A8BC-5826-9F7A-EAFAF8D16F5F}.Debug|Any CPU.Build.0 = Debug|Any CPU
		{5797FB51-A8BC-5826-9F7A-EAFAF8D16F5F}.Release|Any CPU.ActiveCfg = Release|Any CPU
		{5797FB51-A8BC-5826-9F7A-EAFAF8D16F5F}.Release|Any CPU.Build.0 = Release|Any CPU
		{68426139-8084-B3AB-CF7F-50A154280ADF}.Debug|Any CPU.ActiveCfg = Debug|Any CPU
		{68426139-8084-B3AB-CF7F-50A154280ADF}.Debug|Any CPU.Build.0 = Debug|Any CPU
		{68426139-8084-B3AB-CF7F-50A154280ADF}.Release|Any CPU.ActiveCfg = Release|Any CPU
		{68426139-8084-B3AB-CF7F-50A154280ADF}.Release|Any CPU.Build.0 = Release|Any CPU
		{96B4FF9A-BAC7-830F-AF27-F83007EF2783}.Debug|Any CPU.ActiveCfg = Debug|Any CPU
		{96B4FF9A-BAC7-830F-AF27-F83007EF2783}.Debug|Any CPU.Build.0 = Debug|Any CPU
		{96B4FF9A-BAC7-830F-AF27-F83007EF2783}.Release|Any CPU.ActiveCfg = Release|Any CPU
		{96B4FF9A-BAC7-830F-AF27-F83007EF2783}.Release|Any CPU.Build.0 = Release|Any CPU
		{76182198-F20C-41F2-3F0E-70931D4295D6}.Debug|Any CPU.ActiveCfg = Debug|Any CPU
		{76182198-F20C-41F2-3F0E-70931D4295D6}.Debug|Any CPU.Build.0 = Debug|Any CPU
		{76182198-F20C-41F2-3F0E-70931D4295D6}.Release|Any CPU.ActiveCfg = Release|Any CPU
		{76182198-F20C-41F2-3F0E-70931D4295D6}.Release|Any CPU.Build.0 = Release|Any CPU
		{D5500B48-BE07-2ABA-611D-FFF4812BB118}.Debug|Any CPU.ActiveCfg = Debug|Any CPU
		{D5500B48-BE07-2ABA-611D-FFF4812BB118}.Debug|Any CPU.Build.0 = Debug|Any CPU
		{D5500B48-BE07-2ABA-611D-FFF4812BB118}.Release|Any CPU.ActiveCfg = Release|Any CPU
		{D5500B48-BE07-2ABA-611D-FFF4812BB118}.Release|Any CPU.Build.0 = Release|Any CPU
		{B7350B71-5252-E186-EB03-0E8E3C3BE165}.Debug|Any CPU.ActiveCfg = Debug|Any CPU
		{B7350B71-5252-E186-EB03-0E8E3C3BE165}.Debug|Any CPU.Build.0 = Debug|Any CPU
		{B7350B71-5252-E186-EB03-0E8E3C3BE165}.Release|Any CPU.ActiveCfg = Release|Any CPU
		{B7350B71-5252-E186-EB03-0E8E3C3BE165}.Release|Any CPU.Build.0 = Release|Any CPU
		{4F2767CC-5E30-6E42-7B32-356FBBEAE658}.Debug|Any CPU.ActiveCfg = Debug|Any CPU
		{4F2767CC-5E30-6E42-7B32-356FBBEAE658}.Debug|Any CPU.Build.0 = Debug|Any CPU
		{4F2767CC-5E30-6E42-7B32-356FBBEAE658}.Release|Any CPU.ActiveCfg = Release|Any CPU
		{4F2767CC-5E30-6E42-7B32-356FBBEAE658}.Release|Any CPU.Build.0 = Release|Any CPU
		{E4CD9C52-52E3-2665-85A2-D8F9BEB33894}.Debug|Any CPU.ActiveCfg = Debug|Any CPU
		{E4CD9C52-52E3-2665-85A2-D8F9BEB33894}.Debug|Any CPU.Build.0 = Debug|Any CPU
		{E4CD9C52-52E3-2665-85A2-D8F9BEB33894}.Release|Any CPU.ActiveCfg = Release|Any CPU
		{E4CD9C52-52E3-2665-85A2-D8F9BEB33894}.Release|Any CPU.Build.0 = Release|Any CPU
		{84322DB7-72C8-C4A5-87A9-37C411DD1681}.Debug|Any CPU.ActiveCfg = Debug|Any CPU
		{84322DB7-72C8-C4A5-87A9-37C411DD1681}.Debug|Any CPU.Build.0 = Debug|Any CPU
		{84322DB7-72C8-C4A5-87A9-37C411DD1681}.Release|Any CPU.ActiveCfg = Release|Any CPU
		{84322DB7-72C8-C4A5-87A9-37C411DD1681}.Release|Any CPU.Build.0 = Release|Any CPU
		{82C25F86-DE3F-189A-A18D-2C25059CCF4A}.Debug|Any CPU.ActiveCfg = Debug|Any CPU
		{82C25F86-DE3F-189A-A18D-2C25059CCF4A}.Debug|Any CPU.Build.0 = Debug|Any CPU
		{82C25F86-DE3F-189A-A18D-2C25059CCF4A}.Release|Any CPU.ActiveCfg = Release|Any CPU
		{82C25F86-DE3F-189A-A18D-2C25059CCF4A}.Release|Any CPU.Build.0 = Release|Any CPU
		{9794A665-0418-653C-CF57-8F2BB003F498}.Debug|Any CPU.ActiveCfg = Debug|Any CPU
		{9794A665-0418-653C-CF57-8F2BB003F498}.Debug|Any CPU.Build.0 = Debug|Any CPU
		{9794A665-0418-653C-CF57-8F2BB003F498}.Release|Any CPU.ActiveCfg = Release|Any CPU
		{9794A665-0418-653C-CF57-8F2BB003F498}.Release|Any CPU.Build.0 = Release|Any CPU
		{525DCB7F-CDC5-B3E0-5926-99CB9FB21DC5}.Debug|Any CPU.ActiveCfg = Debug|Any CPU
		{525DCB7F-CDC5-B3E0-5926-99CB9FB21DC5}.Debug|Any CPU.Build.0 = Debug|Any CPU
		{525DCB7F-CDC5-B3E0-5926-99CB9FB21DC5}.Release|Any CPU.ActiveCfg = Release|Any CPU
		{525DCB7F-CDC5-B3E0-5926-99CB9FB21DC5}.Release|Any CPU.Build.0 = Release|Any CPU
		{5B2C5B65-94B0-0297-7D1D-E9F9EF4DF003}.Debug|Any CPU.ActiveCfg = Debug|Any CPU
		{5B2C5B65-94B0-0297-7D1D-E9F9EF4DF003}.Debug|Any CPU.Build.0 = Debug|Any CPU
		{5B2C5B65-94B0-0297-7D1D-E9F9EF4DF003}.Release|Any CPU.ActiveCfg = Release|Any CPU
		{5B2C5B65-94B0-0297-7D1D-E9F9EF4DF003}.Release|Any CPU.Build.0 = Release|Any CPU
		{DDEFF6B3-3994-D4C2-1EB3-6B9382CBAC70}.Debug|Any CPU.ActiveCfg = Debug|Any CPU
		{DDEFF6B3-3994-D4C2-1EB3-6B9382CBAC70}.Debug|Any CPU.Build.0 = Debug|Any CPU
		{DDEFF6B3-3994-D4C2-1EB3-6B9382CBAC70}.Release|Any CPU.ActiveCfg = Release|Any CPU
		{DDEFF6B3-3994-D4C2-1EB3-6B9382CBAC70}.Release|Any CPU.Build.0 = Release|Any CPU
	EndGlobalSection
	GlobalSection(SolutionProperties) = preSolution
		HideSolutionNode = FALSE
	EndGlobalSection
	GlobalSection(ExtensibilityGlobals) = postSolution
		SolutionGuid = {736F370E-00B1-42F1-8680-44DEF852B7F9}
	EndGlobalSection
EndGlobal
