
Microsoft Visual Studio Solution File, Format Version 12.00
# Visual Studio Version 17
VisualStudioVersion = 17.13.35818.85
MinimumVisualStudioVersion = 10.0.40219.1
Project("{FAE04EC0-301F-11D3-BF4B-00C04F79EFBC}") = "fitur_Order", "fitur_Order.csproj", "{23F2B3FC-2DA2-4193-B6FF-CE04B2E1F435}"
EndProject
Project("{FAE04EC0-301F-11D3-BF4B-00C04F79EFBC}") = "menu_utama", "..\menu_utama\menu_utama.csproj", "{E7C216D3-4FF9-4429-A77A-3248CEC9FFCF}"
EndProject
Project("{FAE04EC0-301F-11D3-BF4B-00C04F79EFBC}") = "unit_Test", "..\unit_Test\unit_Test.csproj", "{8906B614-8D20-4A87-BC51-034B9EAAF735}"
EndProject
Global
	GlobalSection(SolutionConfigurationPlatforms) = preSolution
		Debug|Any CPU = Debug|Any CPU
		Release|Any CPU = Release|Any CPU
	EndGlobalSection
	GlobalSection(ProjectConfigurationPlatforms) = postSolution
		{23F2B3FC-2DA2-4193-B6FF-CE04B2E1F435}.Debug|Any CPU.ActiveCfg = Debug|Any CPU
		{23F2B3FC-2DA2-4193-B6FF-CE04B2E1F435}.Debug|Any CPU.Build.0 = Debug|Any CPU
		{23F2B3FC-2DA2-4193-B6FF-CE04B2E1F435}.Release|Any CPU.ActiveCfg = Release|Any CPU
		{23F2B3FC-2DA2-4193-B6FF-CE04B2E1F435}.Release|Any CPU.Build.0 = Release|Any CPU
		{E7C216D3-4FF9-4429-A77A-3248CEC9FFCF}.Debug|Any CPU.ActiveCfg = Debug|Any CPU
		{E7C216D3-4FF9-4429-A77A-3248CEC9FFCF}.Debug|Any CPU.Build.0 = Debug|Any CPU
		{E7C216D3-4FF9-4429-A77A-3248CEC9FFCF}.Release|Any CPU.ActiveCfg = Release|Any CPU
		{E7C216D3-4FF9-4429-A77A-3248CEC9FFCF}.Release|Any CPU.Build.0 = Release|Any CPU
		{8906B614-8D20-4A87-BC51-034B9EAAF735}.Debug|Any CPU.ActiveCfg = Debug|Any CPU
		{8906B614-8D20-4A87-BC51-034B9EAAF735}.Debug|Any CPU.Build.0 = Debug|Any CPU
		{8906B614-8D20-4A87-BC51-034B9EAAF735}.Release|Any CPU.ActiveCfg = Release|Any CPU
		{8906B614-8D20-4A87-BC51-034B9EAAF735}.Release|Any CPU.Build.0 = Release|Any CPU
	EndGlobalSection
	GlobalSection(SolutionProperties) = preSolution
		HideSolutionNode = FALSE
	EndGlobalSection
	GlobalSection(ExtensibilityGlobals) = postSolution
		SolutionGuid = {E8B78CC9-F7C9-4FF5-9CE0-4762CB5CC60B}
	EndGlobalSection
EndGlobal
