
Microsoft Visual Studio Solution File, Format Version 12.00
# Visual Studio Version 17
VisualStudioVersion = 17.13.35825.156 d17.13
MinimumVisualStudioVersion = 10.0.40219.1
Project("{FAE04EC0-301F-11D3-BF4B-00C04F79EFBC}") = "Wishlist", "Wishlist\Wishlist.csproj", "{940456AD-A75D-44F3-8A78-A5993056BCA2}"
EndProject
Project("{FAE04EC0-301F-11D3-BF4B-00C04F79EFBC}") = "TestProject1", "TestProject1\TestProject1.csproj", "{B23319DA-1F27-4973-97EF-ADA149EA722B}"
EndProject
Global
	GlobalSection(SolutionConfigurationPlatforms) = preSolution
		Debug|Any CPU = Debug|Any CPU
		Release|Any CPU = Release|Any CPU
	EndGlobalSection
	GlobalSection(ProjectConfigurationPlatforms) = postSolution
		{940456AD-A75D-44F3-8A78-A5993056BCA2}.Debug|Any CPU.ActiveCfg = Debug|Any CPU
		{940456AD-A75D-44F3-8A78-A5993056BCA2}.Debug|Any CPU.Build.0 = Debug|Any CPU
		{940456AD-A75D-44F3-8A78-A5993056BCA2}.Release|Any CPU.ActiveCfg = Release|Any CPU
		{940456AD-A75D-44F3-8A78-A5993056BCA2}.Release|Any CPU.Build.0 = Release|Any CPU
		{B23319DA-1F27-4973-97EF-ADA149EA722B}.Debug|Any CPU.ActiveCfg = Debug|Any CPU
		{B23319DA-1F27-4973-97EF-ADA149EA722B}.Debug|Any CPU.Build.0 = Debug|Any CPU
		{B23319DA-1F27-4973-97EF-ADA149EA722B}.Release|Any CPU.ActiveCfg = Release|Any CPU
		{B23319DA-1F27-4973-97EF-ADA149EA722B}.Release|Any CPU.Build.0 = Release|Any CPU
	EndGlobalSection
	GlobalSection(SolutionProperties) = preSolution
		HideSolutionNode = FALSE
	EndGlobalSection
	GlobalSection(ExtensibilityGlobals) = postSolution
		SolutionGuid = {24C449A6-822F-4F32-8744-1F7A51AB8662}
	EndGlobalSection
EndGlobal
