
Microsoft Visual Studio Solution File, Format Version 12.00
# Visual Studio Version 17
VisualStudioVersion = 17.13.35818.85
MinimumVisualStudioVersion = 10.0.40219.1
Project("{FAE04EC0-301F-11D3-BF4B-00C04F79EFBC}") = "ManajemenToko", "ManajemenToko.csproj", "{A0F47F48-E129-4F0F-8DD8-C5A35C23958B}"
EndProject
Project("{FAE04EC0-301F-11D3-BF4B-00C04F79EFBC}") = "ManajemenToko.API", "..\ManejemenToko.API\ManajemenToko.API.csproj", "{9D675BD8-B44A-4F10-976C-8F8B5D049371}"
EndProject
Global
	GlobalSection(SolutionConfigurationPlatforms) = preSolution
		Debug|Any CPU = Debug|Any CPU
		Release|Any CPU = Release|Any CPU
	EndGlobalSection
	GlobalSection(ProjectConfigurationPlatforms) = postSolution
		{A0F47F48-E129-4F0F-8DD8-C5A35C23958B}.Debug|Any CPU.ActiveCfg = Debug|Any CPU
		{A0F47F48-E129-4F0F-8DD8-C5A35C23958B}.Debug|Any CPU.Build.0 = Debug|Any CPU
		{A0F47F48-E129-4F0F-8DD8-C5A35C23958B}.Release|Any CPU.ActiveCfg = Release|Any CPU
		{A0F47F48-E129-4F0F-8DD8-C5A35C23958B}.Release|Any CPU.Build.0 = Release|Any CPU
		{9D675BD8-B44A-4F10-976C-8F8B5D049371}.Debug|Any CPU.ActiveCfg = Debug|Any CPU
		{9D675BD8-B44A-4F10-976C-8F8B5D049371}.Debug|Any CPU.Build.0 = Debug|Any CPU
		{9D675BD8-B44A-4F10-976C-8F8B5D049371}.Release|Any CPU.ActiveCfg = Release|Any CPU
		{9D675BD8-B44A-4F10-976C-8F8B5D049371}.Release|Any CPU.Build.0 = Release|Any CPU
	EndGlobalSection
	GlobalSection(SolutionProperties) = preSolution
		HideSolutionNode = FALSE
	EndGlobalSection
	GlobalSection(ExtensibilityGlobals) = postSolution
		SolutionGuid = {D6BFA4D6-E763-4C75-9BA3-B40CB6AF0E13}
	EndGlobalSection
EndGlobal
